
Microsoft Visual Studio Solution File, Format Version 12.00
# Visual Studio Version 17
VisualStudioVersion = 17.6.33801.468
MinimumVisualStudioVersion = 10.0.40219.1
Project("{FAE04EC0-301F-11D3-BF4B-00C04F79EFBC}") = "TaskArray", "TaskArray\TaskArray.csproj", "{7EA45073-967D-498A-A5CF-C3B28CBD74F8}"
EndProject
Global
	GlobalSection(SolutionConfigurationPlatforms) = preSolution
		Debug|Any CPU = Debug|Any CPU
		Release|Any CPU = Release|Any CPU
	EndGlobalSection
	GlobalSection(ProjectConfigurationPlatforms) = postSolution
		{7EA45073-967D-498A-A5CF-C3B28CBD74F8}.Debug|Any CPU.ActiveCfg = Debug|Any CPU
		{7EA45073-967D-498A-A5CF-C3B28CBD74F8}.Debug|Any CPU.Build.0 = Debug|Any CPU
		{7EA45073-967D-498A-A5CF-C3B28CBD74F8}.Release|Any CPU.ActiveCfg = Release|Any CPU
		{7EA45073-967D-498A-A5CF-C3B28CBD74F8}.Release|Any CPU.Build.0 = Release|Any CPU
	EndGlobalSection
	GlobalSection(SolutionProperties) = preSolution
		HideSolutionNode = FALSE
	EndGlobalSection
	GlobalSection(ExtensibilityGlobals) = postSolution
		SolutionGuid = {5075CFBD-46D6-4422-BBF7-D02E33A4B5D9}
	EndGlobalSection
EndGlobal
